
Microsoft Visual Studio Solution File, Format Version 12.00
# Visual Studio 15
VisualStudioVersion = 15.0.28307.168
MinimumVisualStudioVersion = 10.0.40219.1
Project("{9A19103F-16F7-4668-BE54-9A1E7A4F7556}") = "IDServer", "IDServer\IDServer.csproj", "{D63CDF0D-ACD5-46BE-B9BB-8AF33C965442}"
EndProject
Project("{2150E333-8FDC-42A3-9474-1A3956D46DE8}") = "1. Docuemtns", "1. Docuemtns", "{BC17AB6B-C175-4794-A1EA-CC1EC47C08BD}"
	ProjectSection(SolutionItems) = preProject
		.gitattributes = .gitattributes
		.gitignore = .gitignore
		readme.md = readme.md
	EndProjectSection
EndProject
Global
	GlobalSection(SolutionConfigurationPlatforms) = preSolution
		Debug|Any CPU = Debug|Any CPU
		Release|Any CPU = Release|Any CPU
	EndGlobalSection
	GlobalSection(ProjectConfigurationPlatforms) = postSolution
		{D63CDF0D-ACD5-46BE-B9BB-8AF33C965442}.Debug|Any CPU.ActiveCfg = Debug|Any CPU
		{D63CDF0D-ACD5-46BE-B9BB-8AF33C965442}.Debug|Any CPU.Build.0 = Debug|Any CPU
		{D63CDF0D-ACD5-46BE-B9BB-8AF33C965442}.Release|Any CPU.ActiveCfg = Release|Any CPU
		{D63CDF0D-ACD5-46BE-B9BB-8AF33C965442}.Release|Any CPU.Build.0 = Release|Any CPU
	EndGlobalSection
	GlobalSection(SolutionProperties) = preSolution
		HideSolutionNode = FALSE
	EndGlobalSection
	GlobalSection(ExtensibilityGlobals) = postSolution
		SolutionGuid = {844F1AE4-3737-45B1-B5E9-7816BFC7CF53}
	EndGlobalSection
EndGlobal
